
Microsoft Visual Studio Solution File, Format Version 12.00
# Visual Studio Version 17
VisualStudioVersion = 17.0.31903.59
MinimumVisualStudioVersion = 10.0.40219.1
Project("{2150E333-8FDC-42A3-9474-1A3956D46DE8}") = "src", "src", "{82393930-2B96-4B45-800D-9FF8DA1238DB}"
EndProject
Project("{FAE04EC0-301F-11D3-BF4B-00C04F79EFBC}") = "Bancalite.WebApi", "src\Bancalite.WebApi\Bancalite.WebApi.csproj", "{E814B6D4-E1A2-42E5-B3B3-1D111DBB68A0}"
EndProject
Project("{FAE04EC0-301F-11D3-BF4B-00C04F79EFBC}") = "Bancalite.Domain", "src\Bancalite.Domain\Bancalite.Domain.csproj", "{F06BE6BB-1894-404D-A1CE-015471162BEC}"
EndProject
Project("{FAE04EC0-301F-11D3-BF4B-00C04F79EFBC}") = "Bancalite.Persitence", "src\Bancalite.Persitence\Bancalite.Persitence.csproj", "{6E7ED493-51D1-48B5-936C-055693CF14AE}"
EndProject
Project("{FAE04EC0-301F-11D3-BF4B-00C04F79EFBC}") = "Bancalite.Application", "src\Bancalite.Application\Bancalite.Application.csproj", "{ABEDB56E-87EC-4081-98BF-BBA916964157}"
EndProject
Project("{FAE04EC0-301F-11D3-BF4B-00C04F79EFBC}") = "Bancalite.Infraestructure", "src\Bancalite.Infraestructure\Bancalite.Infraestructure.csproj", "{BCF43778-F366-4116-B1F1-EDA09D9A4DF9}"
EndProject
Project("{2150E333-8FDC-42A3-9474-1A3956D46DE8}") = "tests", "tests", "{0AB3BF05-4346-4AA6-1389-037BE0695223}"
EndProject
Project("{FAE04EC0-301F-11D3-BF4B-00C04F79EFBC}") = "Tests.Unit", "tests\Tests.Unit\Tests.Unit.csproj", "{5AE915D6-1DFD-4BEE-9080-844D43A78220}"
EndProject
Global
	GlobalSection(SolutionConfigurationPlatforms) = preSolution
		Debug|Any CPU = Debug|Any CPU
		Debug|x64 = Debug|x64
		Debug|x86 = Debug|x86
		Release|Any CPU = Release|Any CPU
		Release|x64 = Release|x64
		Release|x86 = Release|x86
	EndGlobalSection
	GlobalSection(ProjectConfigurationPlatforms) = postSolution
		{E814B6D4-E1A2-42E5-B3B3-1D111DBB68A0}.Debug|Any CPU.ActiveCfg = Debug|Any CPU
		{E814B6D4-E1A2-42E5-B3B3-1D111DBB68A0}.Debug|Any CPU.Build.0 = Debug|Any CPU
		{E814B6D4-E1A2-42E5-B3B3-1D111DBB68A0}.Debug|x64.ActiveCfg = Debug|Any CPU
		{E814B6D4-E1A2-42E5-B3B3-1D111DBB68A0}.Debug|x64.Build.0 = Debug|Any CPU
		{E814B6D4-E1A2-42E5-B3B3-1D111DBB68A0}.Debug|x86.ActiveCfg = Debug|Any CPU
		{E814B6D4-E1A2-42E5-B3B3-1D111DBB68A0}.Debug|x86.Build.0 = Debug|Any CPU
		{E814B6D4-E1A2-42E5-B3B3-1D111DBB68A0}.Release|Any CPU.ActiveCfg = Release|Any CPU
		{E814B6D4-E1A2-42E5-B3B3-1D111DBB68A0}.Release|Any CPU.Build.0 = Release|Any CPU
		{E814B6D4-E1A2-42E5-B3B3-1D111DBB68A0}.Release|x64.ActiveCfg = Release|Any CPU
		{E814B6D4-E1A2-42E5-B3B3-1D111DBB68A0}.Release|x64.Build.0 = Release|Any CPU
		{E814B6D4-E1A2-42E5-B3B3-1D111DBB68A0}.Release|x86.ActiveCfg = Release|Any CPU
		{E814B6D4-E1A2-42E5-B3B3-1D111DBB68A0}.Release|x86.Build.0 = Release|Any CPU
		{F06BE6BB-1894-404D-A1CE-015471162BEC}.Debug|Any CPU.ActiveCfg = Debug|Any CPU
		{F06BE6BB-1894-404D-A1CE-015471162BEC}.Debug|Any CPU.Build.0 = Debug|Any CPU
		{F06BE6BB-1894-404D-A1CE-015471162BEC}.Debug|x64.ActiveCfg = Debug|Any CPU
		{F06BE6BB-1894-404D-A1CE-015471162BEC}.Debug|x64.Build.0 = Debug|Any CPU
		{F06BE6BB-1894-404D-A1CE-015471162BEC}.Debug|x86.ActiveCfg = Debug|Any CPU
		{F06BE6BB-1894-404D-A1CE-015471162BEC}.Debug|x86.Build.0 = Debug|Any CPU
		{F06BE6BB-1894-404D-A1CE-015471162BEC}.Release|Any CPU.ActiveCfg = Release|Any CPU
		{F06BE6BB-1894-404D-A1CE-015471162BEC}.Release|Any CPU.Build.0 = Release|Any CPU
		{F06BE6BB-1894-404D-A1CE-015471162BEC}.Release|x64.ActiveCfg = Release|Any CPU
		{F06BE6BB-1894-404D-A1CE-015471162BEC}.Release|x64.Build.0 = Release|Any CPU
		{F06BE6BB-1894-404D-A1CE-015471162BEC}.Release|x86.ActiveCfg = Release|Any CPU
		{F06BE6BB-1894-404D-A1CE-015471162BEC}.Release|x86.Build.0 = Release|Any CPU
		{6E7ED493-51D1-48B5-936C-055693CF14AE}.Debug|Any CPU.ActiveCfg = Debug|Any CPU
		{6E7ED493-51D1-48B5-936C-055693CF14AE}.Debug|Any CPU.Build.0 = Debug|Any CPU
		{6E7ED493-51D1-48B5-936C-055693CF14AE}.Debug|x64.ActiveCfg = Debug|Any CPU
		{6E7ED493-51D1-48B5-936C-055693CF14AE}.Debug|x64.Build.0 = Debug|Any CPU
		{6E7ED493-51D1-48B5-936C-055693CF14AE}.Debug|x86.ActiveCfg = Debug|Any CPU
		{6E7ED493-51D1-48B5-936C-055693CF14AE}.Debug|x86.Build.0 = Debug|Any CPU
		{6E7ED493-51D1-48B5-936C-055693CF14AE}.Release|Any CPU.ActiveCfg = Release|Any CPU
		{6E7ED493-51D1-48B5-936C-055693CF14AE}.Release|Any CPU.Build.0 = Release|Any CPU
		{6E7ED493-51D1-48B5-936C-055693CF14AE}.Release|x64.ActiveCfg = Release|Any CPU
		{6E7ED493-51D1-48B5-936C-055693CF14AE}.Release|x64.Build.0 = Release|Any CPU
		{6E7ED493-51D1-48B5-936C-055693CF14AE}.Release|x86.ActiveCfg = Release|Any CPU
		{6E7ED493-51D1-48B5-936C-055693CF14AE}.Release|x86.Build.0 = Release|Any CPU
		{ABEDB56E-87EC-4081-98BF-BBA916964157}.Debug|Any CPU.ActiveCfg = Debug|Any CPU
		{ABEDB56E-87EC-4081-98BF-BBA916964157}.Debug|Any CPU.Build.0 = Debug|Any CPU
		{ABEDB56E-87EC-4081-98BF-BBA916964157}.Debug|x64.ActiveCfg = Debug|Any CPU
		{ABEDB56E-87EC-4081-98BF-BBA916964157}.Debug|x64.Build.0 = Debug|Any CPU
		{ABEDB56E-87EC-4081-98BF-BBA916964157}.Debug|x86.ActiveCfg = Debug|Any CPU
		{ABEDB56E-87EC-4081-98BF-BBA916964157}.Debug|x86.Build.0 = Debug|Any CPU
		{ABEDB56E-87EC-4081-98BF-BBA916964157}.Release|Any CPU.ActiveCfg = Release|Any CPU
		{ABEDB56E-87EC-4081-98BF-BBA916964157}.Release|Any CPU.Build.0 = Release|Any CPU
		{ABEDB56E-87EC-4081-98BF-BBA916964157}.Release|x64.ActiveCfg = Release|Any CPU
		{ABEDB56E-87EC-4081-98BF-BBA916964157}.Release|x64.Build.0 = Release|Any CPU
		{ABEDB56E-87EC-4081-98BF-BBA916964157}.Release|x86.ActiveCfg = Release|Any CPU
		{ABEDB56E-87EC-4081-98BF-BBA916964157}.Release|x86.Build.0 = Release|Any CPU
		{BCF43778-F366-4116-B1F1-EDA09D9A4DF9}.Debug|Any CPU.ActiveCfg = Debug|Any CPU
		{BCF43778-F366-4116-B1F1-EDA09D9A4DF9}.Debug|Any CPU.Build.0 = Debug|Any CPU
		{BCF43778-F366-4116-B1F1-EDA09D9A4DF9}.Debug|x64.ActiveCfg = Debug|Any CPU
		{BCF43778-F366-4116-B1F1-EDA09D9A4DF9}.Debug|x64.Build.0 = Debug|Any CPU
		{BCF43778-F366-4116-B1F1-EDA09D9A4DF9}.Debug|x86.ActiveCfg = Debug|Any CPU
		{BCF43778-F366-4116-B1F1-EDA09D9A4DF9}.Debug|x86.Build.0 = Debug|Any CPU
		{BCF43778-F366-4116-B1F1-EDA09D9A4DF9}.Release|Any CPU.ActiveCfg = Release|Any CPU
		{BCF43778-F366-4116-B1F1-EDA09D9A4DF9}.Release|Any CPU.Build.0 = Release|Any CPU
		{BCF43778-F366-4116-B1F1-EDA09D9A4DF9}.Release|x64.ActiveCfg = Release|Any CPU
		{BCF43778-F366-4116-B1F1-EDA09D9A4DF9}.Release|x64.Build.0 = Release|Any CPU
		{BCF43778-F366-4116-B1F1-EDA09D9A4DF9}.Release|x86.ActiveCfg = Release|Any CPU
		{BCF43778-F366-4116-B1F1-EDA09D9A4DF9}.Release|x86.Build.0 = Release|Any CPU
		{5AE915D6-1DFD-4BEE-9080-844D43A78220}.Debug|Any CPU.ActiveCfg = Debug|Any CPU
		{5AE915D6-1DFD-4BEE-9080-844D43A78220}.Debug|Any CPU.Build.0 = Debug|Any CPU
		{5AE915D6-1DFD-4BEE-9080-844D43A78220}.Debug|x64.ActiveCfg = Debug|Any CPU
		{5AE915D6-1DFD-4BEE-9080-844D43A78220}.Debug|x64.Build.0 = Debug|Any CPU
		{5AE915D6-1DFD-4BEE-9080-844D43A78220}.Debug|x86.ActiveCfg = Debug|Any CPU
		{5AE915D6-1DFD-4BEE-9080-844D43A78220}.Debug|x86.Build.0 = Debug|Any CPU
		{5AE915D6-1DFD-4BEE-9080-844D43A78220}.Release|Any CPU.ActiveCfg = Release|Any CPU
		{5AE915D6-1DFD-4BEE-9080-844D43A78220}.Release|Any CPU.Build.0 = Release|Any CPU
		{5AE915D6-1DFD-4BEE-9080-844D43A78220}.Release|x64.ActiveCfg = Release|Any CPU
		{5AE915D6-1DFD-4BEE-9080-844D43A78220}.Release|x64.Build.0 = Release|Any CPU
		{5AE915D6-1DFD-4BEE-9080-844D43A78220}.Release|x86.ActiveCfg = Release|Any CPU
		{5AE915D6-1DFD-4BEE-9080-844D43A78220}.Release|x86.Build.0 = Release|Any CPU
	EndGlobalSection
	GlobalSection(SolutionProperties) = preSolution
		HideSolutionNode = FALSE
	EndGlobalSection
	GlobalSection(NestedProjects) = preSolution
		{E814B6D4-E1A2-42E5-B3B3-1D111DBB68A0} = {82393930-2B96-4B45-800D-9FF8DA1238DB}
		{F06BE6BB-1894-404D-A1CE-015471162BEC} = {82393930-2B96-4B45-800D-9FF8DA1238DB}
		{6E7ED493-51D1-48B5-936C-055693CF14AE} = {82393930-2B96-4B45-800D-9FF8DA1238DB}
		{ABEDB56E-87EC-4081-98BF-BBA916964157} = {82393930-2B96-4B45-800D-9FF8DA1238DB}
		{BCF43778-F366-4116-B1F1-EDA09D9A4DF9} = {82393930-2B96-4B45-800D-9FF8DA1238DB}
		{5AE915D6-1DFD-4BEE-9080-844D43A78220} = {0AB3BF05-4346-4AA6-1389-037BE0695223}
	EndGlobalSection
EndGlobal
